
Microsoft Visual Studio Solution File, Format Version 12.00
# Visual Studio 14
VisualStudioVersion = 14.0.25420.1
MinimumVisualStudioVersion = 10.0.40219.1
Project("{FAE04EC0-301F-11D3-BF4B-00C04F79EFBC}") = "CicloGardensService", "CicloGardensService\CicloGardensService.csproj", "{209FA716-A7AD-4095-BD70-C8710FC66FA7}"
EndProject
Project("{2150E333-8FDC-42A3-9474-1A3956D46DE8}") = "Test", "Test", "{EADEB433-DAC5-4045-A3E0-3FF5C2C9DA89}"
EndProject
Project("{FAE04EC0-301F-11D3-BF4B-00C04F79EFBC}") = "CicloGardensService.IntegrationTest", "Test\CicloGardensService.IntegrationTest\CicloGardensService.IntegrationTest.csproj", "{5C8B6B67-0654-49A7-A735-4A078B8C1B30}"
EndProject
Global
	GlobalSection(SolutionConfigurationPlatforms) = preSolution
		Debug|Any CPU = Debug|Any CPU
		Release|Any CPU = Release|Any CPU
	EndGlobalSection
	GlobalSection(ProjectConfigurationPlatforms) = postSolution
		{209FA716-A7AD-4095-BD70-C8710FC66FA7}.Debug|Any CPU.ActiveCfg = Debug|Any CPU
		{209FA716-A7AD-4095-BD70-C8710FC66FA7}.Debug|Any CPU.Build.0 = Debug|Any CPU
		{209FA716-A7AD-4095-BD70-C8710FC66FA7}.Release|Any CPU.ActiveCfg = Release|Any CPU
		{209FA716-A7AD-4095-BD70-C8710FC66FA7}.Release|Any CPU.Build.0 = Release|Any CPU
		{5C8B6B67-0654-49A7-A735-4A078B8C1B30}.Debug|Any CPU.ActiveCfg = Debug|Any CPU
		{5C8B6B67-0654-49A7-A735-4A078B8C1B30}.Debug|Any CPU.Build.0 = Debug|Any CPU
		{5C8B6B67-0654-49A7-A735-4A078B8C1B30}.Release|Any CPU.ActiveCfg = Release|Any CPU
		{5C8B6B67-0654-49A7-A735-4A078B8C1B30}.Release|Any CPU.Build.0 = Release|Any CPU
	EndGlobalSection
	GlobalSection(SolutionProperties) = preSolution
		HideSolutionNode = FALSE
	EndGlobalSection
	GlobalSection(NestedProjects) = preSolution
		{5C8B6B67-0654-49A7-A735-4A078B8C1B30} = {EADEB433-DAC5-4045-A3E0-3FF5C2C9DA89}
	EndGlobalSection
EndGlobal
